
Microsoft Visual Studio Solution File, Format Version 12.00
# Visual Studio Version 16
VisualStudioVersion = 16.0.32602.291
MinimumVisualStudioVersion = 10.0.40219.1
Project("{9A19103F-16F7-4668-BE54-9A1E7A4F7556}") = "ConsoleTestMSC", "ConsoleTestMSC.csproj", "{CEFC6120-76CE-4E2D-9C2C-44136E7202D3}"
EndProject
Project("{9A19103F-16F7-4668-BE54-9A1E7A4F7556}") = "UnitTesting", "..\TestProject1\UnitTesting.csproj", "{C22FC478-2CF5-4294-B457-3DA21F4FACFB}"
EndProject
Global
	GlobalSection(SolutionConfigurationPlatforms) = preSolution
		Debug|Any CPU = Debug|Any CPU
		Release|Any CPU = Release|Any CPU
	EndGlobalSection
	GlobalSection(ProjectConfigurationPlatforms) = postSolution
		{CEFC6120-76CE-4E2D-9C2C-44136E7202D3}.Debug|Any CPU.ActiveCfg = Debug|Any CPU
		{CEFC6120-76CE-4E2D-9C2C-44136E7202D3}.Debug|Any CPU.Build.0 = Debug|Any CPU
		{CEFC6120-76CE-4E2D-9C2C-44136E7202D3}.Release|Any CPU.ActiveCfg = Release|Any CPU
		{CEFC6120-76CE-4E2D-9C2C-44136E7202D3}.Release|Any CPU.Build.0 = Release|Any CPU
		{C22FC478-2CF5-4294-B457-3DA21F4FACFB}.Debug|Any CPU.ActiveCfg = Debug|Any CPU
		{C22FC478-2CF5-4294-B457-3DA21F4FACFB}.Debug|Any CPU.Build.0 = Debug|Any CPU
		{C22FC478-2CF5-4294-B457-3DA21F4FACFB}.Release|Any CPU.ActiveCfg = Release|Any CPU
		{C22FC478-2CF5-4294-B457-3DA21F4FACFB}.Release|Any CPU.Build.0 = Release|Any CPU
	EndGlobalSection
	GlobalSection(SolutionProperties) = preSolution
		HideSolutionNode = FALSE
	EndGlobalSection
	GlobalSection(ExtensibilityGlobals) = postSolution
		SolutionGuid = {AB027898-3EA8-43BA-811E-6A091E5628F9}
	EndGlobalSection
EndGlobal
